
Microsoft Visual Studio Solution File, Format Version 12.00
# Visual Studio Version 17
VisualStudioVersion = 17.11.35327.3
MinimumVisualStudioVersion = 10.0.40219.1
Project("{FAE04EC0-301F-11D3-BF4B-00C04F79EFBC}") = "P9_714230056", "P9_714230056\P9_714230056.csproj", "{E311D600-5E58-4BC1-9E89-BA0BAAC56483}"
EndProject
Global
	GlobalSection(SolutionConfigurationPlatforms) = preSolution
		Debug|Any CPU = Debug|Any CPU
		Release|Any CPU = Release|Any CPU
	EndGlobalSection
	GlobalSection(ProjectConfigurationPlatforms) = postSolution
		{E311D600-5E58-4BC1-9E89-BA0BAAC56483}.Debug|Any CPU.ActiveCfg = Debug|Any CPU
		{E311D600-5E58-4BC1-9E89-BA0BAAC56483}.Debug|Any CPU.Build.0 = Debug|Any CPU
		{E311D600-5E58-4BC1-9E89-BA0BAAC56483}.Release|Any CPU.ActiveCfg = Release|Any CPU
		{E311D600-5E58-4BC1-9E89-BA0BAAC56483}.Release|Any CPU.Build.0 = Release|Any CPU
	EndGlobalSection
	GlobalSection(SolutionProperties) = preSolution
		HideSolutionNode = FALSE
	EndGlobalSection
	GlobalSection(ExtensibilityGlobals) = postSolution
		SolutionGuid = {1116B2A7-DBFE-4384-8286-538F87ECEC90}
	EndGlobalSection
EndGlobal
