
Microsoft Visual Studio Solution File, Format Version 12.00
# Visual Studio Version 17
VisualStudioVersion = 17.11.35327.3
MinimumVisualStudioVersion = 10.0.40219.1
Project("{FAE04EC0-301F-11D3-BF4B-00C04F79EFBC}") = "P4_2_714230056", "P4_2_714230056\P4_2_714230056.csproj", "{33749FE0-004D-4301-BA3F-68D2C2CC4AA5}"
EndProject
Global
	GlobalSection(SolutionConfigurationPlatforms) = preSolution
		Debug|Any CPU = Debug|Any CPU
		Release|Any CPU = Release|Any CPU
	EndGlobalSection
	GlobalSection(ProjectConfigurationPlatforms) = postSolution
		{33749FE0-004D-4301-BA3F-68D2C2CC4AA5}.Debug|Any CPU.ActiveCfg = Debug|Any CPU
		{33749FE0-004D-4301-BA3F-68D2C2CC4AA5}.Debug|Any CPU.Build.0 = Debug|Any CPU
		{33749FE0-004D-4301-BA3F-68D2C2CC4AA5}.Release|Any CPU.ActiveCfg = Release|Any CPU
		{33749FE0-004D-4301-BA3F-68D2C2CC4AA5}.Release|Any CPU.Build.0 = Release|Any CPU
	EndGlobalSection
	GlobalSection(SolutionProperties) = preSolution
		HideSolutionNode = FALSE
	EndGlobalSection
	GlobalSection(ExtensibilityGlobals) = postSolution
		SolutionGuid = {D1C90D71-B006-4D7F-A364-7C988E43CEE8}
	EndGlobalSection
EndGlobal
